
Microsoft Visual Studio Solution File, Format Version 12.00
# Visual Studio Version 17
VisualStudioVersion = 17.3.32825.248
MinimumVisualStudioVersion = 10.0.40219.1
Project("{FAE04EC0-301F-11D3-BF4B-00C04F79EFBC}") = "Пианино", "Пианино\Пианино.csproj", "{455DCFEC-3D50-4163-8634-E52CF4BC6455}"
EndProject
Global
	GlobalSection(SolutionConfigurationPlatforms) = preSolution
		Debug|Any CPU = Debug|Any CPU
		Release|Any CPU = Release|Any CPU
	EndGlobalSection
	GlobalSection(ProjectConfigurationPlatforms) = postSolution
		{455DCFEC-3D50-4163-8634-E52CF4BC6455}.Debug|Any CPU.ActiveCfg = Debug|Any CPU
		{455DCFEC-3D50-4163-8634-E52CF4BC6455}.Debug|Any CPU.Build.0 = Debug|Any CPU
		{455DCFEC-3D50-4163-8634-E52CF4BC6455}.Release|Any CPU.ActiveCfg = Release|Any CPU
		{455DCFEC-3D50-4163-8634-E52CF4BC6455}.Release|Any CPU.Build.0 = Release|Any CPU
	EndGlobalSection
	GlobalSection(SolutionProperties) = preSolution
		HideSolutionNode = FALSE
	EndGlobalSection
	GlobalSection(ExtensibilityGlobals) = postSolution
		SolutionGuid = {1FA3DFE5-0447-46B9-9041-D34DAE85FDD1}
	EndGlobalSection
EndGlobal
